
Microsoft Visual Studio Solution File, Format Version 12.00
# Visual Studio Version 17
VisualStudioVersion = 17.7.34031.279
MinimumVisualStudioVersion = 10.0.40219.1
Project("{FAE04EC0-301F-11D3-BF4B-00C04F79EFBC}") = "Csolara4", "Csolara4.csproj", "{70C218FA-5CAF-45B4-8689-D23B7DEEAC8B}"
EndProject
Global
	GlobalSection(SolutionConfigurationPlatforms) = preSolution
		Debug|Any CPU = Debug|Any CPU
		Release|Any CPU = Release|Any CPU
	EndGlobalSection
	GlobalSection(ProjectConfigurationPlatforms) = postSolution
		{70C218FA-5CAF-45B4-8689-D23B7DEEAC8B}.Debug|Any CPU.ActiveCfg = Debug|Any CPU
		{70C218FA-5CAF-45B4-8689-D23B7DEEAC8B}.Debug|Any CPU.Build.0 = Debug|Any CPU
		{70C218FA-5CAF-45B4-8689-D23B7DEEAC8B}.Release|Any CPU.ActiveCfg = Release|Any CPU
		{70C218FA-5CAF-45B4-8689-D23B7DEEAC8B}.Release|Any CPU.Build.0 = Release|Any CPU
	EndGlobalSection
	GlobalSection(SolutionProperties) = preSolution
		HideSolutionNode = FALSE
	EndGlobalSection
	GlobalSection(ExtensibilityGlobals) = postSolution
		SolutionGuid = {030DD811-4410-4D0C-B8CA-D42A4EE55B04}
	EndGlobalSection
EndGlobal
